{
  "requires": true,
  "lockfileVersion": 1,
  "dependencies": {
    "weui-miniprogram": {
      "version": "1.0.1",
      "resolved": "https://registry.npmjs.org/weui-miniprogram/-/weui-miniprogram-1.0.1.tgz",
      "integrity": "sha512-Nimznu3Vz4KgthtIkoQThTePeNLP94VC4xvW5rG5pobRphNETl2GE2JY+jOFuqK3b4fPpZRK/TurvMjLJazG3g=="
    }
  }
}
